
Microsoft Visual Studio Solution File, Format Version 12.00
# Visual Studio Version 17
VisualStudioVersion = 17.5.33502.453
MinimumVisualStudioVersion = 10.0.40219.1
Project("{FAE04EC0-301F-11D3-BF4B-00C04F79EFBC}") = "Api", "Api.csproj", "{F1C7E068-58EC-4920-A951-D813B135261C}"
EndProject
Project("{FAE04EC0-301F-11D3-BF4B-00C04F79EFBC}") = "Models", "..\Model\Models.csproj", "{FC6BCB08-6A7C-472D-9A8E-1EBB50D1D1CA}"
EndProject
Project("{FAE04EC0-301F-11D3-BF4B-00C04F79EFBC}") = "Abstractions", "..\Abstraction\Abstractions.csproj", "{D54EE8F6-F478-4993-9A18-D61ECF38E81A}"
EndProject
Project("{FAE04EC0-301F-11D3-BF4B-00C04F79EFBC}") = "Data", "..\Dat\Data.csproj", "{80631C50-E839-45B8-85E3-5744C984D6EE}"
EndProject
Project("{FAE04EC0-301F-11D3-BF4B-00C04F79EFBC}") = "Services", "..\Service\Services.csproj", "{46CA943F-6BA7-44AA-8EB4-3C04EA360B13}"
EndProject
Global
	GlobalSection(SolutionConfigurationPlatforms) = preSolution
		Debug|Any CPU = Debug|Any CPU
		Release|Any CPU = Release|Any CPU
	EndGlobalSection
	GlobalSection(ProjectConfigurationPlatforms) = postSolution
		{F1C7E068-58EC-4920-A951-D813B135261C}.Debug|Any CPU.ActiveCfg = Debug|Any CPU
		{F1C7E068-58EC-4920-A951-D813B135261C}.Debug|Any CPU.Build.0 = Debug|Any CPU
		{F1C7E068-58EC-4920-A951-D813B135261C}.Release|Any CPU.ActiveCfg = Release|Any CPU
		{F1C7E068-58EC-4920-A951-D813B135261C}.Release|Any CPU.Build.0 = Release|Any CPU
		{FC6BCB08-6A7C-472D-9A8E-1EBB50D1D1CA}.Debug|Any CPU.ActiveCfg = Debug|Any CPU
		{FC6BCB08-6A7C-472D-9A8E-1EBB50D1D1CA}.Debug|Any CPU.Build.0 = Debug|Any CPU
		{FC6BCB08-6A7C-472D-9A8E-1EBB50D1D1CA}.Release|Any CPU.ActiveCfg = Release|Any CPU
		{FC6BCB08-6A7C-472D-9A8E-1EBB50D1D1CA}.Release|Any CPU.Build.0 = Release|Any CPU
		{D54EE8F6-F478-4993-9A18-D61ECF38E81A}.Debug|Any CPU.ActiveCfg = Debug|Any CPU
		{D54EE8F6-F478-4993-9A18-D61ECF38E81A}.Debug|Any CPU.Build.0 = Debug|Any CPU
		{D54EE8F6-F478-4993-9A18-D61ECF38E81A}.Release|Any CPU.ActiveCfg = Release|Any CPU
		{D54EE8F6-F478-4993-9A18-D61ECF38E81A}.Release|Any CPU.Build.0 = Release|Any CPU
		{80631C50-E839-45B8-85E3-5744C984D6EE}.Debug|Any CPU.ActiveCfg = Debug|Any CPU
		{80631C50-E839-45B8-85E3-5744C984D6EE}.Debug|Any CPU.Build.0 = Debug|Any CPU
		{80631C50-E839-45B8-85E3-5744C984D6EE}.Release|Any CPU.ActiveCfg = Release|Any CPU
		{80631C50-E839-45B8-85E3-5744C984D6EE}.Release|Any CPU.Build.0 = Release|Any CPU
		{46CA943F-6BA7-44AA-8EB4-3C04EA360B13}.Debug|Any CPU.ActiveCfg = Debug|Any CPU
		{46CA943F-6BA7-44AA-8EB4-3C04EA360B13}.Debug|Any CPU.Build.0 = Debug|Any CPU
		{46CA943F-6BA7-44AA-8EB4-3C04EA360B13}.Release|Any CPU.ActiveCfg = Release|Any CPU
		{46CA943F-6BA7-44AA-8EB4-3C04EA360B13}.Release|Any CPU.Build.0 = Release|Any CPU
	EndGlobalSection
	GlobalSection(SolutionProperties) = preSolution
		HideSolutionNode = FALSE
	EndGlobalSection
	GlobalSection(ExtensibilityGlobals) = postSolution
		SolutionGuid = {3925335A-0C02-4C46-A5AC-2752D462CC19}
	EndGlobalSection
EndGlobal
